
Microsoft Visual Studio Solution File, Format Version 12.00
# Visual Studio Version 17
VisualStudioVersion = 17.11.35327.3
MinimumVisualStudioVersion = 10.0.40219.1
Project("{FAE04EC0-301F-11D3-BF4B-00C04F79EFBC}") = "MathGame", "MathGame.csproj", "{5F09C123-6444-41FB-86EC-839F163098A1}"
EndProject
Global
	GlobalSection(SolutionConfigurationPlatforms) = preSolution
		Debug|Any CPU = Debug|Any CPU
		Release|Any CPU = Release|Any CPU
	EndGlobalSection
	GlobalSection(ProjectConfigurationPlatforms) = postSolution
		{5F09C123-6444-41FB-86EC-839F163098A1}.Debug|Any CPU.ActiveCfg = Debug|Any CPU
		{5F09C123-6444-41FB-86EC-839F163098A1}.Debug|Any CPU.Build.0 = Debug|Any CPU
		{5F09C123-6444-41FB-86EC-839F163098A1}.Release|Any CPU.ActiveCfg = Release|Any CPU
		{5F09C123-6444-41FB-86EC-839F163098A1}.Release|Any CPU.Build.0 = Release|Any CPU
	EndGlobalSection
	GlobalSection(SolutionProperties) = preSolution
		HideSolutionNode = FALSE
	EndGlobalSection
	GlobalSection(ExtensibilityGlobals) = postSolution
		SolutionGuid = {33596184-4FBE-4A7D-83AB-1633EC15323C}
	EndGlobalSection
EndGlobal
